
Microsoft Visual Studio Solution File, Format Version 12.00
# Visual Studio 14
VisualStudioVersion = 14.0.25123.0
MinimumVisualStudioVersion = 10.0.40219.1
Project("{2150E333-8FDC-42A3-9474-1A3956D46DE8}") = "DataLayer", "DataLayer", "{5892B31B-A9F2-4623-B391-D907EA8D1905}"
EndProject
Project("{2150E333-8FDC-42A3-9474-1A3956D46DE8}") = "BusinessLayer", "BusinessLayer", "{B5ACC326-7F91-456B-A6F5-A7055FCEFBF7}"
EndProject
Project("{2150E333-8FDC-42A3-9474-1A3956D46DE8}") = "SharedObjects", "SharedObjects", "{3C14B3DC-D80A-478B-A9BA-CBE83B3FA866}"
EndProject
Project("{2150E333-8FDC-42A3-9474-1A3956D46DE8}") = "PresentationLayer", "PresentationLayer", "{8A1FD3E4-4F0E-457C-BE22-34BC5DF7B86F}"
EndProject
Project("{FAE04EC0-301F-11D3-BF4B-00C04F79EFBC}") = "SageOneSample", "SageOneSample\SageOneSample.csproj", "{61047C7F-2E59-424C-B631-58A121EFC57B}"
EndProject
Project("{FAE04EC0-301F-11D3-BF4B-00C04F79EFBC}") = "SageOneSample.Business", "SageOneSample.Business\SageOneSample.Business.csproj", "{87043FBA-F8D3-4001-B0AD-7B308BF68E6A}"
EndProject
Project("{FAE04EC0-301F-11D3-BF4B-00C04F79EFBC}") = "SageOneSample.Repository", "SageOneSample.Repository\SageOneSample.Repository.csproj", "{4FF05924-9940-420F-9F5E-B8422D0E9B36}"
EndProject
Project("{FAE04EC0-301F-11D3-BF4B-00C04F79EFBC}") = "SageOneSample.Shared", "SageOneSample.Shared\SageOneSample.Shared.csproj", "{7C4A0523-2C85-4DCD-9559-5C19140EEFA6}"
EndProject
Global
	GlobalSection(SolutionConfigurationPlatforms) = preSolution
		Debug|Any CPU = Debug|Any CPU
		Release|Any CPU = Release|Any CPU
	EndGlobalSection
	GlobalSection(ProjectConfigurationPlatforms) = postSolution
		{61047C7F-2E59-424C-B631-58A121EFC57B}.Debug|Any CPU.ActiveCfg = Debug|Any CPU
		{61047C7F-2E59-424C-B631-58A121EFC57B}.Debug|Any CPU.Build.0 = Debug|Any CPU
		{61047C7F-2E59-424C-B631-58A121EFC57B}.Release|Any CPU.ActiveCfg = Release|Any CPU
		{61047C7F-2E59-424C-B631-58A121EFC57B}.Release|Any CPU.Build.0 = Release|Any CPU
		{87043FBA-F8D3-4001-B0AD-7B308BF68E6A}.Debug|Any CPU.ActiveCfg = Debug|Any CPU
		{87043FBA-F8D3-4001-B0AD-7B308BF68E6A}.Debug|Any CPU.Build.0 = Debug|Any CPU
		{87043FBA-F8D3-4001-B0AD-7B308BF68E6A}.Release|Any CPU.ActiveCfg = Release|Any CPU
		{87043FBA-F8D3-4001-B0AD-7B308BF68E6A}.Release|Any CPU.Build.0 = Release|Any CPU
		{4FF05924-9940-420F-9F5E-B8422D0E9B36}.Debug|Any CPU.ActiveCfg = Debug|Any CPU
		{4FF05924-9940-420F-9F5E-B8422D0E9B36}.Debug|Any CPU.Build.0 = Debug|Any CPU
		{4FF05924-9940-420F-9F5E-B8422D0E9B36}.Release|Any CPU.ActiveCfg = Release|Any CPU
		{4FF05924-9940-420F-9F5E-B8422D0E9B36}.Release|Any CPU.Build.0 = Release|Any CPU
		{7C4A0523-2C85-4DCD-9559-5C19140EEFA6}.Debug|Any CPU.ActiveCfg = Debug|Any CPU
		{7C4A0523-2C85-4DCD-9559-5C19140EEFA6}.Debug|Any CPU.Build.0 = Debug|Any CPU
		{7C4A0523-2C85-4DCD-9559-5C19140EEFA6}.Release|Any CPU.ActiveCfg = Release|Any CPU
		{7C4A0523-2C85-4DCD-9559-5C19140EEFA6}.Release|Any CPU.Build.0 = Release|Any CPU
	EndGlobalSection
	GlobalSection(SolutionProperties) = preSolution
		HideSolutionNode = FALSE
	EndGlobalSection
	GlobalSection(NestedProjects) = preSolution
		{61047C7F-2E59-424C-B631-58A121EFC57B} = {8A1FD3E4-4F0E-457C-BE22-34BC5DF7B86F}
		{87043FBA-F8D3-4001-B0AD-7B308BF68E6A} = {B5ACC326-7F91-456B-A6F5-A7055FCEFBF7}
		{4FF05924-9940-420F-9F5E-B8422D0E9B36} = {5892B31B-A9F2-4623-B391-D907EA8D1905}
		{7C4A0523-2C85-4DCD-9559-5C19140EEFA6} = {3C14B3DC-D80A-478B-A9BA-CBE83B3FA866}
	EndGlobalSection
EndGlobal
